
Microsoft Visual Studio Solution File, Format Version 12.00
# Visual Studio Version 16
VisualStudioVersion = 16.0.29709.97
MinimumVisualStudioVersion = 10.0.40219.1
Project("{FAE04EC0-301F-11D3-BF4B-00C04F79EFBC}") = "TicTacGame", "TicTacGame\TicTacGame.csproj", "{92A6DF32-8411-4E91-88FA-8788CA5B8E68}"
EndProject
Global
	GlobalSection(SolutionConfigurationPlatforms) = preSolution
		Debug|Any CPU = Debug|Any CPU
		Release|Any CPU = Release|Any CPU
	EndGlobalSection
	GlobalSection(ProjectConfigurationPlatforms) = postSolution
		{92A6DF32-8411-4E91-88FA-8788CA5B8E68}.Debug|Any CPU.ActiveCfg = Debug|Any CPU
		{92A6DF32-8411-4E91-88FA-8788CA5B8E68}.Debug|Any CPU.Build.0 = Debug|Any CPU
		{92A6DF32-8411-4E91-88FA-8788CA5B8E68}.Release|Any CPU.ActiveCfg = Release|Any CPU
		{92A6DF32-8411-4E91-88FA-8788CA5B8E68}.Release|Any CPU.Build.0 = Release|Any CPU
	EndGlobalSection
	GlobalSection(SolutionProperties) = preSolution
		HideSolutionNode = FALSE
	EndGlobalSection
	GlobalSection(ExtensibilityGlobals) = postSolution
		SolutionGuid = {621064AA-646E-4C2F-A6B7-20F7B76517A9}
	EndGlobalSection
EndGlobal
